
Microsoft Visual Studio Solution File, Format Version 12.00
# Visual Studio Version 17
VisualStudioVersion = 17.6.33815.320
MinimumVisualStudioVersion = 10.0.40219.1
Project("{8BC9CEB8-8B4A-11D0-8D11-00A0C91BC942}") = "Numeri di Catalan", "Numeri di Catalan.vcxproj", "{C466D46D-5B38-4FED-B02F-4DBA63B6742A}"
EndProject
Global
	GlobalSection(SolutionConfigurationPlatforms) = preSolution
		Debug|x64 = Debug|x64
		Debug|x86 = Debug|x86
		Release|x64 = Release|x64
		Release|x86 = Release|x86
	EndGlobalSection
	GlobalSection(ProjectConfigurationPlatforms) = postSolution
		{C466D46D-5B38-4FED-B02F-4DBA63B6742A}.Debug|x64.ActiveCfg = Debug|x64
		{C466D46D-5B38-4FED-B02F-4DBA63B6742A}.Debug|x64.Build.0 = Debug|x64
		{C466D46D-5B38-4FED-B02F-4DBA63B6742A}.Debug|x86.ActiveCfg = Debug|Win32
		{C466D46D-5B38-4FED-B02F-4DBA63B6742A}.Debug|x86.Build.0 = Debug|Win32
		{C466D46D-5B38-4FED-B02F-4DBA63B6742A}.Release|x64.ActiveCfg = Release|x64
		{C466D46D-5B38-4FED-B02F-4DBA63B6742A}.Release|x64.Build.0 = Release|x64
		{C466D46D-5B38-4FED-B02F-4DBA63B6742A}.Release|x86.ActiveCfg = Release|Win32
		{C466D46D-5B38-4FED-B02F-4DBA63B6742A}.Release|x86.Build.0 = Release|Win32
	EndGlobalSection
	GlobalSection(SolutionProperties) = preSolution
		HideSolutionNode = FALSE
	EndGlobalSection
	GlobalSection(ExtensibilityGlobals) = postSolution
		SolutionGuid = {FEF93F2D-AF33-4379-A6EE-004237344941}
	EndGlobalSection
EndGlobal
