
Microsoft Visual Studio Solution File, Format Version 12.00
# Visual Studio Version 17
VisualStudioVersion = 17.6.33723.286
MinimumVisualStudioVersion = 10.0.40219.1
Project("{8BC9CEB8-8B4A-11D0-8D11-00A0C91BC942}") = "Password", "Password.vcxproj", "{BB0D2859-B867-4B8F-AF76-E0733B4B31C8}"
EndProject
Global
	GlobalSection(SolutionConfigurationPlatforms) = preSolution
		Debug|x64 = Debug|x64
		Debug|x86 = Debug|x86
		Release|x64 = Release|x64
		Release|x86 = Release|x86
	EndGlobalSection
	GlobalSection(ProjectConfigurationPlatforms) = postSolution
		{BB0D2859-B867-4B8F-AF76-E0733B4B31C8}.Debug|x64.ActiveCfg = Debug|x64
		{BB0D2859-B867-4B8F-AF76-E0733B4B31C8}.Debug|x64.Build.0 = Debug|x64
		{BB0D2859-B867-4B8F-AF76-E0733B4B31C8}.Debug|x86.ActiveCfg = Debug|Win32
		{BB0D2859-B867-4B8F-AF76-E0733B4B31C8}.Debug|x86.Build.0 = Debug|Win32
		{BB0D2859-B867-4B8F-AF76-E0733B4B31C8}.Release|x64.ActiveCfg = Release|x64
		{BB0D2859-B867-4B8F-AF76-E0733B4B31C8}.Release|x64.Build.0 = Release|x64
		{BB0D2859-B867-4B8F-AF76-E0733B4B31C8}.Release|x86.ActiveCfg = Release|Win32
		{BB0D2859-B867-4B8F-AF76-E0733B4B31C8}.Release|x86.Build.0 = Release|Win32
	EndGlobalSection
	GlobalSection(SolutionProperties) = preSolution
		HideSolutionNode = FALSE
	EndGlobalSection
	GlobalSection(ExtensibilityGlobals) = postSolution
		SolutionGuid = {30F176B8-F167-485E-8290-7072A07D3D1D}
	EndGlobalSection
EndGlobal
