
Microsoft Visual Studio Solution File, Format Version 12.00
# Visual Studio Version 17
VisualStudioVersion = 17.6.33815.320
MinimumVisualStudioVersion = 10.0.40219.1
Project("{8BC9CEB8-8B4A-11D0-8D11-00A0C91BC942}") = "Computing Pi", "Computing Pi.vcxproj", "{CB9FE906-BCE2-4377-9F49-8704DF3423DE}"
EndProject
Global
	GlobalSection(SolutionConfigurationPlatforms) = preSolution
		Debug|x64 = Debug|x64
		Debug|x86 = Debug|x86
		Release|x64 = Release|x64
		Release|x86 = Release|x86
	EndGlobalSection
	GlobalSection(ProjectConfigurationPlatforms) = postSolution
		{CB9FE906-BCE2-4377-9F49-8704DF3423DE}.Debug|x64.ActiveCfg = Debug|x64
		{CB9FE906-BCE2-4377-9F49-8704DF3423DE}.Debug|x64.Build.0 = Debug|x64
		{CB9FE906-BCE2-4377-9F49-8704DF3423DE}.Debug|x86.ActiveCfg = Debug|Win32
		{CB9FE906-BCE2-4377-9F49-8704DF3423DE}.Debug|x86.Build.0 = Debug|Win32
		{CB9FE906-BCE2-4377-9F49-8704DF3423DE}.Release|x64.ActiveCfg = Release|x64
		{CB9FE906-BCE2-4377-9F49-8704DF3423DE}.Release|x64.Build.0 = Release|x64
		{CB9FE906-BCE2-4377-9F49-8704DF3423DE}.Release|x86.ActiveCfg = Release|Win32
		{CB9FE906-BCE2-4377-9F49-8704DF3423DE}.Release|x86.Build.0 = Release|Win32
	EndGlobalSection
	GlobalSection(SolutionProperties) = preSolution
		HideSolutionNode = FALSE
	EndGlobalSection
	GlobalSection(ExtensibilityGlobals) = postSolution
		SolutionGuid = {02AFE123-23B3-4BFC-BB73-DDE8EA1A8F38}
	EndGlobalSection
EndGlobal
